
Microsoft Visual Studio Solution File, Format Version 12.00
# Visual Studio Version 17
VisualStudioVersion = 17.7.34031.279
MinimumVisualStudioVersion = 10.0.40219.1
Project("{9A19103F-16F7-4668-BE54-9A1E7A4F7556}") = "PIPlanner", "PIPlanner.csproj", "{D7244AF2-8C16-4CCE-8554-CCD565BB1DC5}"
EndProject
Global
	GlobalSection(SolutionConfigurationPlatforms) = preSolution
		Debug|Any CPU = Debug|Any CPU
		Release|Any CPU = Release|Any CPU
	EndGlobalSection
	GlobalSection(ProjectConfigurationPlatforms) = postSolution
		{D7244AF2-8C16-4CCE-8554-CCD565BB1DC5}.Debug|Any CPU.ActiveCfg = Debug|Any CPU
		{D7244AF2-8C16-4CCE-8554-CCD565BB1DC5}.Debug|Any CPU.Build.0 = Debug|Any CPU
		{D7244AF2-8C16-4CCE-8554-CCD565BB1DC5}.Release|Any CPU.ActiveCfg = Release|Any CPU
		{D7244AF2-8C16-4CCE-8554-CCD565BB1DC5}.Release|Any CPU.Build.0 = Release|Any CPU
	EndGlobalSection
	GlobalSection(SolutionProperties) = preSolution
		HideSolutionNode = FALSE
	EndGlobalSection
	GlobalSection(ExtensibilityGlobals) = postSolution
		SolutionGuid = {E6DB2453-8AF6-465B-AF25-E5452120F9F8}
	EndGlobalSection
EndGlobal
